# THIS IS AN AUTOGENERATED FILE. DO NOT EDIT THIS FILE DIRECTLY.
# yarn lockfile v1


"@babel/parser@^7.16.4":
  version "7.18.6"
  resolved "https://registry.npmmirror.com/@babel/parser/-/parser-7.18.6.tgz#845338edecad65ebffef058d3be851f1d28a63bc"
  integrity sha512-uQVSa9jJUe/G/304lXspfWVpKpK4euFLgGiMQFOCpM/bgcAdeoHwi/OQz23O9GK2osz26ZiXRRV9aV+Yl1O8tw==

"@mdi/font@5.9.55":
  version "5.9.55"
  resolved "https://registry.npmmirror.com/@mdi/font/-/font-5.9.55.tgz#41acd50b88073ded7095fc3029d8712b6e12f38e"
  integrity sha512-jswRF6q3eq8NWpWiqct6q+6Fg/I7nUhrxYJfiEM8JJpap0wVJLQdbKtyS65GdlK7S7Ytnx3TTi/bmw+tBhkGmg==

"@nodelib/fs.scandir@2.1.5":
  version "2.1.5"
  resolved "https://registry.npmmirror.com/@nodelib/fs.scandir/-/fs.scandir-2.1.5.tgz#7619c2eb21b25483f6d167548b4cfd5a7488c3d5"
  integrity sha512-vq24Bq3ym5HEQm2NKCr3yXDwjc7vTsEThRDnkp2DK9p1uqLR+DHurm/NOTo0KG7HYHU7eppKZj3MyqYuMBf62g==
  dependencies:
    "@nodelib/fs.stat" "2.0.5"
    run-parallel "^1.1.9"

"@nodelib/fs.stat@2.0.5", "@nodelib/fs.stat@^2.0.2":
  version "2.0.5"
  resolved "https://registry.npmmirror.com/@nodelib/fs.stat/-/fs.stat-2.0.5.tgz#5bd262af94e9d25bd1e71b05deed44876a222e8b"
  integrity sha512-RkhPPp2zrqDAQA/2jNhnztcPAlv64XdhIp7a7454A5ovI7Bukxgt7MX7udwAu3zg1DcpPU0rz3VV1SeaqvY4+A==

"@nodelib/fs.walk@^1.2.3":
  version "1.2.8"
  resolved "https://registry.npmmirror.com/@nodelib/fs.walk/-/fs.walk-1.2.8.tgz#e95737e8bb6746ddedf69c556953494f196fe69a"
  integrity sha512-oGB+UxlgWcgQkgwo8GcEGwemoTFt3FIO9ababBmaGwXIoBKZ+GTy0pP185beGg7Llih/NSHSV2XAs1lnznocSg==
  dependencies:
    "@nodelib/fs.scandir" "2.1.5"
    fastq "^1.6.0"

"@rollup/plugin-node-resolve@^13.0.4":
  version "13.3.0"
  resolved "https://registry.npmmirror.com/@rollup/plugin-node-resolve/-/plugin-node-resolve-13.3.0.tgz#da1c5c5ce8316cef96a2f823d111c1e4e498801c"
  integrity sha512-Lus8rbUo1eEcnS4yTFKLZrVumLPY+YayBdWXgFSHYhTT2iJbMhoaaBL3xl5NCdeRytErGr8tZ0L71BMRmnlwSw==
  dependencies:
    "@rollup/pluginutils" "^3.1.0"
    "@types/resolve" "1.17.1"
    deepmerge "^4.2.2"
    is-builtin-module "^3.1.0"
    is-module "^1.0.0"
    resolve "^1.19.0"

"@rollup/pluginutils@^3.1.0":
  version "3.1.0"
  resolved "https://registry.npmmirror.com/@rollup/pluginutils/-/pluginutils-3.1.0.tgz#706b4524ee6dc8b103b3c995533e5ad680c02b9b"
  integrity sha512-GksZ6pr6TpIjHm8h9lSQ8pi8BE9VeubNT0OMJ3B5uZJ8pz73NPiqOtCog/x2/QzM1ENChPKxMDhiQuRHsqc+lg==
  dependencies:
    "@types/estree" "0.0.39"
    estree-walker "^1.0.1"
    picomatch "^2.2.2"

"@types/estree@0.0.39":
  version "0.0.39"
  resolved "https://registry.npmmirror.com/@types/estree/-/estree-0.0.39.tgz#e177e699ee1b8c22d23174caaa7422644389509f"
  integrity sha512-EYNwp3bU+98cpU4lAWYYL7Zz+2gryWH1qbdDTidVd6hkiR6weksdbMadyXKXNPEkQFhXM+hVO9ZygomHXp+AIw==

"@types/mockjs@^1.0.4":
  version "1.0.6"
  resolved "https://registry.npmmirror.com/@types/mockjs/-/mockjs-1.0.6.tgz#dafdd5de65156f7aa63eab4e29fa3d532cd95609"
  integrity sha512-Yu5YlqbYZyqsd6LjO4e8ONJDN9pTSnciHDcRP4teNOh/au2b8helFhgRx+3w8xsTFEnwr9jtfTVJbAx+eYmlHA==

"@types/node@*":
  version "18.6.3"
  resolved "https://registry.npmmirror.com/@types/node/-/node-18.6.3.tgz#4e4a95b6fe44014563ceb514b2598b3e623d1c98"
  integrity sha512-6qKpDtoaYLM+5+AFChLhHermMQxc3TOEFIDzrZLPRGHPrLEwqFkkT5Kx3ju05g6X7uDPazz3jHbKPX0KzCjntg==

"@types/resolve@1.17.1":
  version "1.17.1"
  resolved "https://registry.npmmirror.com/@types/resolve/-/resolve-1.17.1.tgz#3afd6ad8967c77e4376c598a82ddd58f46ec45d6"
  integrity sha512-yy7HuzQhj0dhGpD8RLXSZWEkLsV9ibvxvi6EiJ3bkqLAO1RGo0WbkWQiwpRlSFymTJRz0d3k5LM3kkx8ArDbLw==
  dependencies:
    "@types/node" "*"

"@types/webfontloader@^1.0.0":
  version "1.6.34"
  resolved "https://registry.npmmirror.com/@types/webfontloader/-/webfontloader-1.6.34.tgz#3ad1530c3cf2827d3ed80679b4f8c688e6c6957c"
  integrity sha512-yNIPDl3P1yK/ag9C8CdleEhWrtU1myGr3cxb0yEBN/tkCYoGP5PbQa53mQCXcOLFAvBFzJJQfuEahOZ0ARakqw==

"@vitejs/plugin-vue@^2.3.3":
  version "2.3.3"
  resolved "https://registry.npmmirror.com/@vitejs/plugin-vue/-/plugin-vue-2.3.3.tgz#fbf80cc039b82ac21a1acb0f0478de8f61fbf600"
  integrity sha512-SmQLDyhz+6lGJhPELsBdzXGc+AcaT8stgkbiTFGpXPe8Tl1tJaBw1A6pxDqDuRsVkD8uscrkx3hA7QDOoKYtyw==

"@volar/code-gen@0.34.17":
  version "0.34.17"
  resolved "https://registry.npmmirror.com/@volar/code-gen/-/code-gen-0.34.17.tgz#fd46e369454e6bd9599b511500b4c43acb9730bd"
  integrity sha512-rHR7BA71BJ/4S7xUOPMPiB7uk6iU9oTWpEMZxFi5VGC9iJmDncE82WzU5iYpcbOBCVHsOjMh0+5CGMgdO6SaPA==
  dependencies:
    "@volar/source-map" "0.34.17"

"@volar/source-map@0.34.17":
  version "0.34.17"
  resolved "https://registry.npmmirror.com/@volar/source-map/-/source-map-0.34.17.tgz#79efc4d088e11f59fc857953185a1f852df70968"
  integrity sha512-3yn1IMXJGGWB/G817/VFlFMi8oh5pmE7VzUqvgMZMrppaZpKj6/juvJIEiXNxRsgWc0RxIO8OSp4htdPUg1Raw==

"@volar/vue-code-gen@0.34.17":
  version "0.34.17"
  resolved "https://registry.npmmirror.com/@volar/vue-code-gen/-/vue-code-gen-0.34.17.tgz#55ca9c21b38c91bf362761b268a77b9f0ecae8bf"
  integrity sha512-17pzcK29fyFWUc+C82J3JYSnA+jy3QNrIldb9kPaP9Itbik05ZjEIyEue9FjhgIAuHeYSn4LDM5s6nGjxyfhsQ==
  dependencies:
    "@volar/code-gen" "0.34.17"
    "@volar/source-map" "0.34.17"
    "@vue/compiler-core" "^3.2.36"
    "@vue/compiler-dom" "^3.2.36"
    "@vue/shared" "^3.2.36"

"@volar/vue-typescript@0.34.17":
  version "0.34.17"
  resolved "https://registry.npmmirror.com/@volar/vue-typescript/-/vue-typescript-0.34.17.tgz#497eb471ebac25ff61af04031b78ec71a34d470b"
  integrity sha512-U0YSVIBPRWVPmgJHNa4nrfq88+oS+tmyZNxmnfajIw9A/GOGZQiKXHC0k09SVvbYXlsjgJ6NIjhm9NuAhGRQjg==
  dependencies:
    "@volar/code-gen" "0.34.17"
    "@volar/source-map" "0.34.17"
    "@volar/vue-code-gen" "0.34.17"
    "@vue/compiler-sfc" "^3.2.36"
    "@vue/reactivity" "^3.2.36"

"@vue/compiler-core@3.2.37", "@vue/compiler-core@^3.2.36":
  version "3.2.37"
  resolved "https://registry.npmmirror.com/@vue/compiler-core/-/compiler-core-3.2.37.tgz#b3c42e04c0e0f2c496ff1784e543fbefe91e215a"
  integrity sha512-81KhEjo7YAOh0vQJoSmAD68wLfYqJvoiD4ulyedzF+OEk/bk6/hx3fTNVfuzugIIaTrOx4PGx6pAiBRe5e9Zmg==
  dependencies:
    "@babel/parser" "^7.16.4"
    "@vue/shared" "3.2.37"
    estree-walker "^2.0.2"
    source-map "^0.6.1"

"@vue/compiler-dom@3.2.37", "@vue/compiler-dom@^3.2.36":
  version "3.2.37"
  resolved "https://registry.npmmirror.com/@vue/compiler-dom/-/compiler-dom-3.2.37.tgz#10d2427a789e7c707c872da9d678c82a0c6582b5"
  integrity sha512-yxJLH167fucHKxaqXpYk7x8z7mMEnXOw3G2q62FTkmsvNxu4FQSu5+3UMb+L7fjKa26DEzhrmCxAgFLLIzVfqQ==
  dependencies:
    "@vue/compiler-core" "3.2.37"
    "@vue/shared" "3.2.37"

"@vue/compiler-sfc@3.2.37", "@vue/compiler-sfc@^3.2.36":
  version "3.2.37"
  resolved "https://registry.npmmirror.com/@vue/compiler-sfc/-/compiler-sfc-3.2.37.tgz#3103af3da2f40286edcd85ea495dcb35bc7f5ff4"
  integrity sha512-+7i/2+9LYlpqDv+KTtWhOZH+pa8/HnX/905MdVmAcI/mPQOBwkHHIzrsEsucyOIZQYMkXUiTkmZq5am/NyXKkg==
  dependencies:
    "@babel/parser" "^7.16.4"
    "@vue/compiler-core" "3.2.37"
    "@vue/compiler-dom" "3.2.37"
    "@vue/compiler-ssr" "3.2.37"
    "@vue/reactivity-transform" "3.2.37"
    "@vue/shared" "3.2.37"
    estree-walker "^2.0.2"
    magic-string "^0.25.7"
    postcss "^8.1.10"
    source-map "^0.6.1"

"@vue/compiler-ssr@3.2.37":
  version "3.2.37"
  resolved "https://registry.npmmirror.com/@vue/compiler-ssr/-/compiler-ssr-3.2.37.tgz#4899d19f3a5fafd61524a9d1aee8eb0505313cff"
  integrity sha512-7mQJD7HdXxQjktmsWp/J67lThEIcxLemz1Vb5I6rYJHR5vI+lON3nPGOH3ubmbvYGt8xEUaAr1j7/tIFWiEOqw==
  dependencies:
    "@vue/compiler-dom" "3.2.37"
    "@vue/shared" "3.2.37"

"@vue/devtools-api@^6.1.4":
  version "6.2.0"
  resolved "https://registry.npmmirror.com/@vue/devtools-api/-/devtools-api-6.2.0.tgz#e3dc98a0cce8e87292745e2d24c9ee8c274a023b"
  integrity sha512-pF1G4wky+hkifDiZSWn8xfuLOJI1ZXtuambpBEYaf7Xaf6zC/pM29rvAGpd3qaGXnr4BAXU1Pxz/VfvBGwexGA==

"@vue/reactivity-transform@3.2.37":
  version "3.2.37"
  resolved "https://registry.npmmirror.com/@vue/reactivity-transform/-/reactivity-transform-3.2.37.tgz#0caa47c4344df4ae59f5a05dde2a8758829f8eca"
  integrity sha512-IWopkKEb+8qpu/1eMKVeXrK0NLw9HicGviJzhJDEyfxTR9e1WtpnnbYkJWurX6WwoFP0sz10xQg8yL8lgskAZg==
  dependencies:
    "@babel/parser" "^7.16.4"
    "@vue/compiler-core" "3.2.37"
    "@vue/shared" "3.2.37"
    estree-walker "^2.0.2"
    magic-string "^0.25.7"

"@vue/reactivity@3.2.37", "@vue/reactivity@^3.2.36":
  version "3.2.37"
  resolved "https://registry.npmmirror.com/@vue/reactivity/-/reactivity-3.2.37.tgz#5bc3847ac58828e2b78526e08219e0a1089f8848"
  integrity sha512-/7WRafBOshOc6m3F7plwzPeCu/RCVv9uMpOwa/5PiY1Zz+WLVRWiy0MYKwmg19KBdGtFWsmZ4cD+LOdVPcs52A==
  dependencies:
    "@vue/shared" "3.2.37"

"@vue/runtime-core@3.2.37":
  version "3.2.37"
  resolved "https://registry.npmmirror.com/@vue/runtime-core/-/runtime-core-3.2.37.tgz#7ba7c54bb56e5d70edfc2f05766e1ca8519966e3"
  integrity sha512-JPcd9kFyEdXLl/i0ClS7lwgcs0QpUAWj+SKX2ZC3ANKi1U4DOtiEr6cRqFXsPwY5u1L9fAjkinIdB8Rz3FoYNQ==
  dependencies:
    "@vue/reactivity" "3.2.37"
    "@vue/shared" "3.2.37"

"@vue/runtime-dom@3.2.37":
  version "3.2.37"
  resolved "https://registry.npmmirror.com/@vue/runtime-dom/-/runtime-dom-3.2.37.tgz#002bdc8228fa63949317756fb1e92cdd3f9f4bbd"
  integrity sha512-HimKdh9BepShW6YozwRKAYjYQWg9mQn63RGEiSswMbW+ssIht1MILYlVGkAGGQbkhSh31PCdoUcfiu4apXJoPw==
  dependencies:
    "@vue/runtime-core" "3.2.37"
    "@vue/shared" "3.2.37"
    csstype "^2.6.8"

"@vue/server-renderer@3.2.37":
  version "3.2.37"
  resolved "https://registry.npmmirror.com/@vue/server-renderer/-/server-renderer-3.2.37.tgz#840a29c8dcc29bddd9b5f5ffa22b95c0e72afdfc"
  integrity sha512-kLITEJvaYgZQ2h47hIzPh2K3jG8c1zCVbp/o/bzQOyvzaKiCquKS7AaioPI28GNxIsE/zSx+EwWYsNxDCX95MA==
  dependencies:
    "@vue/compiler-ssr" "3.2.37"
    "@vue/shared" "3.2.37"

"@vue/shared@3.2.37", "@vue/shared@^3.2.36":
  version "3.2.37"
  resolved "https://registry.npmmirror.com/@vue/shared/-/shared-3.2.37.tgz#8e6adc3f2759af52f0e85863dfb0b711ecc5c702"
  integrity sha512-4rSJemR2NQIo9Klm1vabqWjD8rs/ZaJSzMxkMNeJS6lHiUjjUeYFbooN19NgFjztubEKh3WlZUeOLVdbbUWHsw==

"@vuetify/loader-shared@^1.5.0":
  version "1.5.0"
  resolved "https://registry.npmmirror.com/@vuetify/loader-shared/-/loader-shared-1.5.0.tgz#2bdfa49497f49a37993064b30fcb3d6f96c7fb0c"
  integrity sha512-Sc+CUZGtQfMLmXXdZ3fvYWkDwMm5zYvYgsAPWsvXNokCeE7WhNA/IETFMThfF8Nf9mnf+zX9+jdtVhKND3hBkQ==
  dependencies:
    find-cache-dir "^3.3.2"
    upath "^2.0.1"

ansi-styles@^4.1.0:
  version "4.3.0"
  resolved "https://registry.npmmirror.com/ansi-styles/-/ansi-styles-4.3.0.tgz#edd803628ae71c04c85ae7a0906edad34b648937"
  integrity sha512-zbB9rCJAT1rbjiVDb2hqKFHNYLxgtk8NURxZ3IZwD3F6NtxbXZQCnnSi1Lkx+IDohdPlFp222wVALIheZJQSEg==
  dependencies:
    color-convert "^2.0.1"

anymatch@~3.1.2:
  version "3.1.2"
  resolved "https://registry.npmmirror.com/anymatch/-/anymatch-3.1.2.tgz#c0557c096af32f106198f4f4e2a383537e378716"
  integrity sha512-P43ePfOAIupkguHUycrc4qJ9kz8ZiuOUijaETwX7THt0Y/GNK7v0aa8rY816xWjZ7rJdA5XdMcpVFTKMq+RvWg==
  dependencies:
    normalize-path "^3.0.0"
    picomatch "^2.0.4"

asynckit@^0.4.0:
  version "0.4.0"
  resolved "https://registry.npmmirror.com/asynckit/-/asynckit-0.4.0.tgz#c79ed97f7f34cb8f2ba1bc9790bcc366474b4b79"
  integrity sha512-Oei9OH4tRh0YqU3GxhX79dM/mwVgvbZJaSNaRk+bshkj0S5cfHcgYakreBjrHwatXKbz+IoIdYLxrKim2MjW0Q==

axios@^0.27.2:
  version "0.27.2"
  resolved "https://registry.npmmirror.com/axios/-/axios-0.27.2.tgz#207658cc8621606e586c85db4b41a750e756d972"
  integrity sha512-t+yRIyySRTp/wua5xEr+z1q60QmLq8ABsS5O9Me1AsE5dfKqgnCFzwiCZZ/cGNd1lq4/7akDWMxdhVlucjmnOQ==
  dependencies:
    follow-redirects "^1.14.9"
    form-data "^4.0.0"

binary-extensions@^2.0.0:
  version "2.2.0"
  resolved "https://registry.npmmirror.com/binary-extensions/-/binary-extensions-2.2.0.tgz#75f502eeaf9ffde42fc98829645be4ea76bd9e2d"
  integrity sha512-jDctJ/IVQbZoJykoeHbhXpOlNBqGNcwXJKJog42E5HDPUwQTSdjCHdihjj0DlnheQ7blbT6dHOafNAiS8ooQKA==

braces@^3.0.2, braces@~3.0.2:
  version "3.0.2"
  resolved "https://registry.npmmirror.com/braces/-/braces-3.0.2.tgz#3454e1a462ee8d599e236df336cd9ea4f8afe107"
  integrity sha512-b8um+L1RzM3WDSzvhm6gIz1yfTbBt6YTlcEKAvsmqCZZFw46z626lVj9j1yEPW33H5H+lBQpZMP1k8l+78Ha0A==
  dependencies:
    fill-range "^7.0.1"

builtin-modules@^3.3.0:
  version "3.3.0"
  resolved "https://registry.npmmirror.com/builtin-modules/-/builtin-modules-3.3.0.tgz#cae62812b89801e9656336e46223e030386be7b6"
  integrity sha512-zhaCDicdLuWN5UbN5IMnFqNMhNfo919sH85y2/ea+5Yg9TsTkeZxpL+JLbp6cgYFS4sRLp3YV4S6yDuqVWHYOw==

chalk@^4.1.2:
  version "4.1.2"
  resolved "https://registry.npmmirror.com/chalk/-/chalk-4.1.2.tgz#aac4e2b7734a740867aeb16bf02aad556a1e7a01"
  integrity sha512-oKnbhFyRIXpUuez8iBMmyEa4nbj4IOQyuhc/wy9kY7/WVPcwIO9VA668Pu8RkO7+0G76SLROeyw9CpQ061i4mA==
  dependencies:
    ansi-styles "^4.1.0"
    supports-color "^7.1.0"

chokidar@^3.5.2:
  version "3.5.3"
  resolved "https://registry.npmmirror.com/chokidar/-/chokidar-3.5.3.tgz#1cf37c8707b932bd1af1ae22c0432e2acd1903bd"
  integrity sha512-Dr3sfKRP6oTcjf2JmUmFJfeVMvXBdegxB0iVQ5eb2V10uFJUCAS8OByZdVAyVb8xXNz3GjjTgj9kLWsZTqE6kw==
  dependencies:
    anymatch "~3.1.2"
    braces "~3.0.2"
    glob-parent "~5.1.2"
    is-binary-path "~2.1.0"
    is-glob "~4.0.1"
    normalize-path "~3.0.0"
    readdirp "~3.6.0"
  optionalDependencies:
    fsevents "~2.3.2"

color-convert@^2.0.1:
  version "2.0.1"
  resolved "https://registry.npmmirror.com/color-convert/-/color-convert-2.0.1.tgz#72d3a68d598c9bdb3af2ad1e84f21d896abd4de3"
  integrity sha512-RRECPsj7iu/xb5oKYcsFHSppFNnsj/52OVTRKb4zP5onXwVF3zVmmToNcOfGC+CRDpfK/U584fMg38ZHCaElKQ==
  dependencies:
    color-name "~1.1.4"

color-name@~1.1.4:
  version "1.1.4"
  resolved "https://registry.npmmirror.com/color-name/-/color-name-1.1.4.tgz#c2a09a87acbde69543de6f63fa3995c826c536a2"
  integrity sha512-dOy+3AuW3a2wNbZHIuMZpTcgjGuLU/uBL/ubcZF9OXbDo8ff4O8yVp5Bf0efS8uEoYo5q4Fx7dY9OgQGXgAsQA==

combined-stream@^1.0.8:
  version "1.0.8"
  resolved "https://registry.npmmirror.com/combined-stream/-/combined-stream-1.0.8.tgz#c3d45a8b34fd730631a110a8a2520682b31d5a7f"
  integrity sha512-FQN4MRfuJeHf7cBbBMJFXhKSDq+2kAArBlmRBvcvFE5BB1HZKXtSFASDhdlz9zOYwxh8lDdnvmMOe/+5cdoEdg==
  dependencies:
    delayed-stream "~1.0.0"

commander@*:
  version "9.4.0"
  resolved "https://registry.npmmirror.com/commander/-/commander-9.4.0.tgz#bc4a40918fefe52e22450c111ecd6b7acce6f11c"
  integrity sha512-sRPT+umqkz90UA8M1yqYfnHlZA7fF6nSphDtxeywPZ49ysjxDQybzk13CL+mXekDRG92skbcqCLVovuCusNmFw==

commondir@^1.0.1:
  version "1.0.1"
  resolved "https://registry.npmmirror.com/commondir/-/commondir-1.0.1.tgz#ddd800da0c66127393cca5950ea968a3aaf1253b"
  integrity sha512-W9pAhw0ja1Edb5GVdIF1mjZw/ASI0AlShXM83UUGe2DVr5TdAPEA1OA8m/g8zWp9x6On7gqufY+FatDbC3MDQg==

connect@^3.7.0:
  version "3.7.0"
  resolved "https://registry.npmmirror.com/connect/-/connect-3.7.0.tgz#5d49348910caa5e07a01800b030d0c35f20484f8"
  integrity sha512-ZqRXc+tZukToSNmh5C2iWMSoV3X1YUcPbqEM4DkEG5tNQXrQUZCNVGGv3IuicnkMtPfGf3Xtp8WCXs295iQ1pQ==
  dependencies:
    debug "2.6.9"
    finalhandler "1.1.2"
    parseurl "~1.3.3"
    utils-merge "1.0.1"

csstype@^2.6.8:
  version "2.6.20"
  resolved "https://registry.npmmirror.com/csstype/-/csstype-2.6.20.tgz#9229c65ea0b260cf4d3d997cb06288e36a8d6dda"
  integrity sha512-/WwNkdXfckNgw6S5R125rrW8ez139lBHWouiBvX8dfMFtcn6V81REDqnH7+CRpRipfYlyU1CmOnOxrmGcFOjeA==

debug@2.6.9:
  version "2.6.9"
  resolved "https://registry.npmmirror.com/debug/-/debug-2.6.9.tgz#5d128515df134ff327e90a4c93f4e077a536341f"
  integrity sha512-bC7ElrdJaJnPbAP+1EotYvqZsb3ecl5wi6Bfi6BJTUcNowp6cvspg0jXznRTKDjm/E7AdgFBVeAPVMNcKGsHMA==
  dependencies:
    ms "2.0.0"

debug@^4.3.2, debug@^4.3.3:
  version "4.3.4"
  resolved "https://registry.npmmirror.com/debug/-/debug-4.3.4.tgz#1319f6579357f2338d3337d2cdd4914bb5dcc865"
  integrity sha512-PRWFHuSU3eDtQJPvnNY7Jcket1j0t5OuOsFzPPzsekD52Zl8qUfFIPEiswXqIvHWGVHOgX+7G/vCNNhehwxfkQ==
  dependencies:
    ms "2.1.2"

deepmerge@^4.2.2:
  version "4.2.2"
  resolved "https://registry.npmmirror.com/deepmerge/-/deepmerge-4.2.2.tgz#44d2ea3679b8f4d4ffba33f03d865fc1e7bf4955"
  integrity sha512-FJ3UgI4gIl+PHZm53knsuSFpE+nESMr7M4v9QcgB7S63Kj/6WqMiFQJpBBYz1Pt+66bZpP3Q7Lye0Oo9MPKEdg==

delayed-stream@~1.0.0:
  version "1.0.0"
  resolved "https://registry.npmmirror.com/delayed-stream/-/delayed-stream-1.0.0.tgz#df3ae199acadfb7d440aaae0b29e2272b24ec619"
  integrity sha512-ZySD7Nf91aLB0RxL4KGrKHBXl7Eds1DAmEdcoVawXnLD7SDhpNgtuII2aAkg7a7QS41jxPSZ17p4VdGnMHk3MQ==

ee-first@1.1.1:
  version "1.1.1"
  resolved "https://registry.npmmirror.com/ee-first/-/ee-first-1.1.1.tgz#590c61156b0ae2f4f0255732a158b266bc56b21d"
  integrity sha512-WMwm9LhRUo+WUaRN+vRuETqG89IgZphVSNkdFgeb6sS/E4OrDIN7t48CAewSHXc6C8lefD8KKfr5vY61brQlow==

encodeurl@~1.0.2:
  version "1.0.2"
  resolved "https://registry.npmmirror.com/encodeurl/-/encodeurl-1.0.2.tgz#ad3ff4c86ec2d029322f5a02c3a9a606c95b3f59"
  integrity sha512-TPJXq8JqFaVYm2CWmPvnP2Iyo4ZSM7/QKcSmuMLDObfpH5fi7RUGmd/rTDf+rut/saiDiQEeVTNgAmJEdAOx0w==

esbuild-android-64@0.14.48:
  version "0.14.48"
  resolved "https://registry.npmmirror.com/esbuild-android-64/-/esbuild-android-64-0.14.48.tgz#7e6394a0e517f738641385aaf553c7e4fb6d1ae3"
  integrity sha512-3aMjboap/kqwCUpGWIjsk20TtxVoKck8/4Tu19rubh7t5Ra0Yrpg30Mt1QXXlipOazrEceGeWurXKeFJgkPOUg==

esbuild-android-arm64@0.14.48:
  version "0.14.48"
  resolved "https://registry.npmmirror.com/esbuild-android-arm64/-/esbuild-android-arm64-0.14.48.tgz#6877566be0f82dd5a43030c0007d06ece7f7c02f"
  integrity sha512-vptI3K0wGALiDq+EvRuZotZrJqkYkN5282iAfcffjI5lmGG9G1ta/CIVauhY42MBXwEgDJkweiDcDMRLzBZC4g==

esbuild-darwin-64@0.14.48:
  version "0.14.48"
  resolved "https://registry.npmmirror.com/esbuild-darwin-64/-/esbuild-darwin-64-0.14.48.tgz#ea3caddb707d88f844b1aa1dea5ff3b0a71ef1fd"
  integrity sha512-gGQZa4+hab2Va/Zww94YbshLuWteyKGD3+EsVon8EWTWhnHFRm5N9NbALNbwi/7hQ/hM1Zm4FuHg+k6BLsl5UA==

esbuild-darwin-arm64@0.14.48:
  version "0.14.48"
  resolved "https://registry.npmmirror.com/esbuild-darwin-arm64/-/esbuild-darwin-arm64-0.14.48.tgz#4e5eaab54df66cc319b76a2ac0e8af4e6f0d9c2f"
  integrity sha512-bFjnNEXjhZT+IZ8RvRGNJthLWNHV5JkCtuOFOnjvo5pC0sk2/QVk0Qc06g2PV3J0TcU6kaPC3RN9yy9w2PSLEA==

esbuild-freebsd-64@0.14.48:
  version "0.14.48"
  resolved "https://registry.npmmirror.com/esbuild-freebsd-64/-/esbuild-freebsd-64-0.14.48.tgz#47b5abc7426eae66861490ffbb380acc67af5b15"
  integrity sha512-1NOlwRxmOsnPcWOGTB10JKAkYSb2nue0oM1AfHWunW/mv3wERfJmnYlGzL3UAOIUXZqW8GeA2mv+QGwq7DToqA==

esbuild-freebsd-arm64@0.14.48:
  version "0.14.48"
  resolved "https://registry.npmmirror.com/esbuild-freebsd-arm64/-/esbuild-freebsd-arm64-0.14.48.tgz#e8c54c8637cd44feed967ea12338b0a4da3a7b11"
  integrity sha512-gXqKdO8wabVcYtluAbikDH2jhXp+Klq5oCD5qbVyUG6tFiGhrC9oczKq3vIrrtwcxDQqK6+HDYK8Zrd4bCA9Gw==

esbuild-linux-32@0.14.48:
  version "0.14.48"
  resolved "https://registry.npmmirror.com/esbuild-linux-32/-/esbuild-linux-32-0.14.48.tgz#229cf3246de2b7937c3ac13fac622d4d7a1344c5"
  integrity sha512-ghGyDfS289z/LReZQUuuKq9KlTiTspxL8SITBFQFAFRA/IkIvDpnZnCAKTCjGXAmUqroMQfKJXMxyjJA69c/nQ==

esbuild-linux-64@0.14.48:
  version "0.14.48"
  resolved "https://registry.npmmirror.com/esbuild-linux-64/-/esbuild-linux-64-0.14.48.tgz#7c0e7226c02c42aacc5656c36977493dc1e96c4f"
  integrity sha512-vni3p/gppLMVZLghI7oMqbOZdGmLbbKR23XFARKnszCIBpEMEDxOMNIKPmMItQrmH/iJrL1z8Jt2nynY0bE1ug==

esbuild-linux-arm64@0.14.48:
  version "0.14.48"
  resolved "https://registry.npmmirror.com/esbuild-linux-arm64/-/esbuild-linux-arm64-0.14.48.tgz#0af1eda474b5c6cc0cace8235b74d0cb8fcf57a7"
  integrity sha512-3CFsOlpoxlKPRevEHq8aAntgYGYkE1N9yRYAcPyng/p4Wyx0tPR5SBYsxLKcgPB9mR8chHEhtWYz6EZ+H199Zw==

esbuild-linux-arm@0.14.48:
  version "0.14.48"
  resolved "https://registry.npmmirror.com/esbuild-linux-arm/-/esbuild-linux-arm-0.14.48.tgz#de4d1fa6b77cdcd00e2bb43dd0801e4680f0ab52"
  integrity sha512-+VfSV7Akh1XUiDNXgqgY1cUP1i2vjI+BmlyXRfVz5AfV3jbpde8JTs5Q9sYgaoq5cWfuKfoZB/QkGOI+QcL1Tw==

esbuild-linux-mips64le@0.14.48:
  version "0.14.48"
  resolved "https://registry.npmmirror.com/esbuild-linux-mips64le/-/esbuild-linux-mips64le-0.14.48.tgz#822c1778495f7868e990d4da47ad7281df28fd15"
  integrity sha512-cs0uOiRlPp6ymknDnjajCgvDMSsLw5mST2UXh+ZIrXTj2Ifyf2aAP3Iw4DiqgnyYLV2O/v/yWBJx+WfmKEpNLA==

esbuild-linux-ppc64le@0.14.48:
  version "0.14.48"
  resolved "https://registry.npmmirror.com/esbuild-linux-ppc64le/-/esbuild-linux-ppc64le-0.14.48.tgz#55de0a9ec4a48fedfe82a63e083164d001709447"
  integrity sha512-+2F0vJMkuI0Wie/wcSPDCqXvSFEELH7Jubxb7mpWrA/4NpT+/byjxDz0gG6R1WJoeDefcrMfpBx4GFNN1JQorQ==

esbuild-linux-riscv64@0.14.48:
  version "0.14.48"
  resolved "https://registry.npmmirror.com/esbuild-linux-riscv64/-/esbuild-linux-riscv64-0.14.48.tgz#cd2b7381880b2f4b21a5a598fb673492120f18a5"
  integrity sha512-BmaK/GfEE+5F2/QDrIXteFGKnVHGxlnK9MjdVKMTfvtmudjY3k2t8NtlY4qemKSizc+QwyombGWTBDc76rxePA==

esbuild-linux-s390x@0.14.48:
  version "0.14.48"
  resolved "https://registry.npmmirror.com/esbuild-linux-s390x/-/esbuild-linux-s390x-0.14.48.tgz#4b319eca2a5c64637fc7397ffbd9671719cdb6bf"
  integrity sha512-tndw/0B9jiCL+KWKo0TSMaUm5UWBLsfCKVdbfMlb3d5LeV9WbijZ8Ordia8SAYv38VSJWOEt6eDCdOx8LqkC4g==

esbuild-netbsd-64@0.14.48:
  version "0.14.48"
  resolved "https://registry.npmmirror.com/esbuild-netbsd-64/-/esbuild-netbsd-64-0.14.48.tgz#c27cde8b5cb55dcc227943a18ab078fb98d0adbf"
  integrity sha512-V9hgXfwf/T901Lr1wkOfoevtyNkrxmMcRHyticybBUHookznipMOHoF41Al68QBsqBxnITCEpjjd4yAos7z9Tw==

esbuild-openbsd-64@0.14.48:
  version "0.14.48"
  resolved "https://registry.npmmirror.com/esbuild-openbsd-64/-/esbuild-openbsd-64-0.14.48.tgz#af5ab2d1cb41f09064bba9465fc8bf1309150df1"
  integrity sha512-+IHf4JcbnnBl4T52egorXMatil/za0awqzg2Vy6FBgPcBpisDWT2sVz/tNdrK9kAqj+GZG/jZdrOkj7wsrNTKA==

esbuild-sunos-64@0.14.48:
  version "0.14.48"
  resolved "https://registry.npmmirror.com/esbuild-sunos-64/-/esbuild-sunos-64-0.14.48.tgz#db3ae20526055cf6fd5c4582676233814603ac54"
  integrity sha512-77m8bsr5wOpOWbGi9KSqDphcq6dFeJyun8TA+12JW/GAjyfTwVtOnN8DOt6DSPUfEV+ltVMNqtXUeTeMAxl5KA==

esbuild-windows-32@0.14.48:
  version "0.14.48"
  resolved "https://registry.npmmirror.com/esbuild-windows-32/-/esbuild-windows-32-0.14.48.tgz#021ffceb0a3f83078262870da88a912293c57475"
  integrity sha512-EPgRuTPP8vK9maxpTGDe5lSoIBHGKO/AuxDncg5O3NkrPeLNdvvK8oywB0zGaAZXxYWfNNSHskvvDgmfVTguhg==

esbuild-windows-64@0.14.48:
  version "0.14.48"
  resolved "https://registry.npmmirror.com/esbuild-windows-64/-/esbuild-windows-64-0.14.48.tgz#a4d3407b580f9faac51f61eec095fa985fb3fee4"
  integrity sha512-YmpXjdT1q0b8ictSdGwH3M8VCoqPpK1/UArze3X199w6u8hUx3V8BhAi1WjbsfDYRBanVVtduAhh2sirImtAvA==

esbuild-windows-arm64@0.14.48:
  version "0.14.48"
  resolved "https://registry.npmmirror.com/esbuild-windows-arm64/-/esbuild-windows-arm64-0.14.48.tgz#762c0562127d8b09bfb70a3c816460742dd82880"
  integrity sha512-HHaOMCsCXp0rz5BT2crTka6MPWVno121NKApsGs/OIW5QC0ggC69YMGs1aJct9/9FSUF4A1xNE/cLvgB5svR4g==

esbuild@0.11.3:
  version "0.11.3"
  resolved "https://registry.npmmirror.com/esbuild/-/esbuild-0.11.3.tgz#b57165b907be4ffba651f6450538ce8d8c1d5eb0"
  integrity sha512-BzVRHcCtFepjS9WcqRjqoIxLqgpK21a8J4Zi4msSGxDxiXVO1IbcqT1KjhdDDnJxKfe7bvzZrvMEX+bVO0Elcw==

esbuild@^0.14.27:
  version "0.14.48"
  resolved "https://registry.npmmirror.com/esbuild/-/esbuild-0.14.48.tgz#da5d8d25cd2d940c45ea0cfecdca727f7aee2b85"
  integrity sha512-w6N1Yn5MtqK2U1/WZTX9ZqUVb8IOLZkZ5AdHkT6x3cHDMVsYWC7WPdiLmx19w3i4Rwzy5LqsEMtVihG3e4rFzA==
  optionalDependencies:
    esbuild-android-64 "0.14.48"
    esbuild-android-arm64 "0.14.48"
    esbuild-darwin-64 "0.14.48"
    esbuild-darwin-arm64 "0.14.48"
    esbuild-freebsd-64 "0.14.48"
    esbuild-freebsd-arm64 "0.14.48"
    esbuild-linux-32 "0.14.48"
    esbuild-linux-64 "0.14.48"
    esbuild-linux-arm "0.14.48"
    esbuild-linux-arm64 "0.14.48"
    esbuild-linux-mips64le "0.14.48"
    esbuild-linux-ppc64le "0.14.48"
    esbuild-linux-riscv64 "0.14.48"
    esbuild-linux-s390x "0.14.48"
    esbuild-netbsd-64 "0.14.48"
    esbuild-openbsd-64 "0.14.48"
    esbuild-sunos-64 "0.14.48"
    esbuild-windows-32 "0.14.48"
    esbuild-windows-64 "0.14.48"
    esbuild-windows-arm64 "0.14.48"

escape-html@~1.0.3:
  version "1.0.3"
  resolved "https://registry.npmmirror.com/escape-html/-/escape-html-1.0.3.tgz#0258eae4d3d0c0974de1c169188ef0051d1d1988"
  integrity sha512-NiSupZ4OeuGwr68lGIeym/ksIZMJodUGOSCZ/FSnTxcrekbvqrgdUxlJOMpijaKZVjAJrWrGs/6Jy8OMuyj9ow==

estree-walker@^1.0.1:
  version "1.0.1"
  resolved "https://registry.npmmirror.com/estree-walker/-/estree-walker-1.0.1.tgz#31bc5d612c96b704106b477e6dd5d8aa138cb700"
  integrity sha512-1fMXF3YP4pZZVozF8j/ZLfvnR8NSIljt56UhbZ5PeeDmmGHpgpdwQt7ITlGvYaQukCvuBRMLEiKiYC+oeIg4cg==

estree-walker@^2.0.2:
  version "2.0.2"
  resolved "https://registry.npmmirror.com/estree-walker/-/estree-walker-2.0.2.tgz#52f010178c2a4c117a7757cfe942adb7d2da4cac"
  integrity sha512-Rfkk/Mp/DL7JVje3u18FxFujQlTNR2q6QfMSMB7AvCBx91NGj/ba3kCfza0f6dVDbw7YlRf/nDrn7pQrCCyQ/w==

fast-glob@^3.2.7:
  version "3.2.11"
  resolved "https://registry.npmmirror.com/fast-glob/-/fast-glob-3.2.11.tgz#a1172ad95ceb8a16e20caa5c5e56480e5129c1d9"
  integrity sha512-xrO3+1bxSo3ZVHAnqzyuewYT6aMFHRAd4Kcs92MAonjwQZLsK9d0SF1IyQ3k5PoirxTW0Oe/RqFgMQ6TcNE5Ew==
  dependencies:
    "@nodelib/fs.stat" "^2.0.2"
    "@nodelib/fs.walk" "^1.2.3"
    glob-parent "^5.1.2"
    merge2 "^1.3.0"
    micromatch "^4.0.4"

fastq@^1.6.0:
  version "1.13.0"
  resolved "https://registry.npmmirror.com/fastq/-/fastq-1.13.0.tgz#616760f88a7526bdfc596b7cab8c18938c36b98c"
  integrity sha512-YpkpUnK8od0o1hmeSc7UUs/eB/vIPWJYjKck2QKIzAf71Vm1AAQ3EbuZB3g2JIy+pg+ERD0vqI79KyZiB2e2Nw==
  dependencies:
    reusify "^1.0.4"

fill-range@^7.0.1:
  version "7.0.1"
  resolved "https://registry.npmmirror.com/fill-range/-/fill-range-7.0.1.tgz#1919a6a7c75fe38b2c7c77e5198535da9acdda40"
  integrity sha512-qOo9F+dMUmC2Lcb4BbVvnKJxTPjCm+RRpe4gDuGrzkL7mEVl/djYSu2OdQ2Pa302N4oqkSg9ir6jaLWJ2USVpQ==
  dependencies:
    to-regex-range "^5.0.1"

finalhandler@1.1.2:
  version "1.1.2"
  resolved "https://registry.npmmirror.com/finalhandler/-/finalhandler-1.1.2.tgz#b7e7d000ffd11938d0fdb053506f6ebabe9f587d"
  integrity sha512-aAWcW57uxVNrQZqFXjITpW3sIUQmHGG3qSb9mUah9MgMC4NeWhNOlNjXEYq3HjRAvL6arUviZGGJsBg6z0zsWA==
  dependencies:
    debug "2.6.9"
    encodeurl "~1.0.2"
    escape-html "~1.0.3"
    on-finished "~2.3.0"
    parseurl "~1.3.3"
    statuses "~1.5.0"
    unpipe "~1.0.0"

find-cache-dir@^3.3.2:
  version "3.3.2"
  resolved "https://registry.npmmirror.com/find-cache-dir/-/find-cache-dir-3.3.2.tgz#b30c5b6eff0730731aea9bbd9dbecbd80256d64b"
  integrity sha512-wXZV5emFEjrridIgED11OoUKLxiYjAcqot/NJdAkOhlJ+vGzwhOAfcG5OX1jP+S0PcjEn8bdMJv+g2jwQ3Onig==
  dependencies:
    commondir "^1.0.1"
    make-dir "^3.0.2"
    pkg-dir "^4.1.0"

find-up@^4.0.0:
  version "4.1.0"
  resolved "https://registry.npmmirror.com/find-up/-/find-up-4.1.0.tgz#97afe7d6cdc0bc5928584b7c8d7b16e8a9aa5d19"
  integrity sha512-PpOwAdQ/YlXQ2vj8a3h8IipDuYRi3wceVQQGYWxNINccq40Anw7BlsEXCMbt1Zt+OLA6Fq9suIpIWD0OsnISlw==
  dependencies:
    locate-path "^5.0.0"
    path-exists "^4.0.0"

follow-redirects@^1.14.9:
  version "1.15.1"
  resolved "https://registry.npmmirror.com/follow-redirects/-/follow-redirects-1.15.1.tgz#0ca6a452306c9b276e4d3127483e29575e207ad5"
  integrity sha512-yLAMQs+k0b2m7cVxpS1VKJVvoz7SS9Td1zss3XRwXj+ZDH00RJgnuLx7E44wx02kQLrdM3aOOy+FpzS7+8OizA==

form-data@^4.0.0:
  version "4.0.0"
  resolved "https://registry.npmmirror.com/form-data/-/form-data-4.0.0.tgz#93919daeaf361ee529584b9b31664dc12c9fa452"
  integrity sha512-ETEklSGi5t0QMZuiXoA/Q6vcnxcLQP5vdugSpuAyi6SVGi2clPPp+xgEhuMaHC+zGgn31Kd235W35f7Hykkaww==
  dependencies:
    asynckit "^0.4.0"
    combined-stream "^1.0.8"
    mime-types "^2.1.12"

fsevents@~2.3.2:
  version "2.3.2"
  resolved "https://registry.npmmirror.com/fsevents/-/fsevents-2.3.2.tgz#8a526f78b8fdf4623b709e0b975c52c24c02fd1a"
  integrity sha512-xiqMQR4xAeHTuB9uWm+fFRcIOgKBMiOBP+eXiyT7jsgVCq1bkVygt00oASowB7EdtpOHaaPgKt812P9ab+DDKA==

function-bind@^1.1.1:
  version "1.1.1"
  resolved "https://registry.npmmirror.com/function-bind/-/function-bind-1.1.1.tgz#a56899d3ea3c9bab874bb9773b7c5ede92f4895d"
  integrity sha512-yIovAzMX49sF8Yl58fSCWJ5svSLuaibPxXQJFLmBObTuCr0Mf1KiPopGM9NiFjiYBCbfaa2Fh6breQ6ANVTI0A==

glob-parent@^5.1.2, glob-parent@~5.1.2:
  version "5.1.2"
  resolved "https://registry.npmmirror.com/glob-parent/-/glob-parent-5.1.2.tgz#869832c58034fe68a4093c17dc15e8340d8401c4"
  integrity sha512-AOIgSQCepiJYwP3ARnGx+5VnTu2HBYdzbGP45eLw1vr3zB3vZLeyed1sC9hnbcOc9/SrMyM5RPQrkGz4aS9Zow==
  dependencies:
    is-glob "^4.0.1"

has-flag@^4.0.0:
  version "4.0.0"
  resolved "https://registry.npmmirror.com/has-flag/-/has-flag-4.0.0.tgz#944771fd9c81c81265c4d6941860da06bb59479b"
  integrity sha512-EykJT/Q1KjTWctppgIAgfSO0tKVuZUjhgMr17kqTumMl6Afv3EISleU7qZUzoXDFTAHTDC4NOoG/ZxU3EvlMPQ==

has@^1.0.3:
  version "1.0.3"
  resolved "https://registry.npmmirror.com/has/-/has-1.0.3.tgz#722d7cbfc1f6aa8241f16dd814e011e1f41e8796"
  integrity sha512-f2dvO0VU6Oej7RkWJGrehjbzMAjFp5/VKPp5tTpWIV4JHHZK1/BxbFRtf/siA2SWTe09caDmVtYYzWEIbBS4zw==
  dependencies:
    function-bind "^1.1.1"

is-binary-path@~2.1.0:
  version "2.1.0"
  resolved "https://registry.npmmirror.com/is-binary-path/-/is-binary-path-2.1.0.tgz#ea1f7f3b80f064236e83470f86c09c254fb45b09"
  integrity sha512-ZMERYes6pDydyuGidse7OsHxtbI7WVeUEozgR/g7rd0xUimYNlvZRE/K2MgZTjWy725IfelLeVcEM97mmtRGXw==
  dependencies:
    binary-extensions "^2.0.0"

is-builtin-module@^3.1.0:
  version "3.2.0"
  resolved "https://registry.npmmirror.com/is-builtin-module/-/is-builtin-module-3.2.0.tgz#bb0310dfe881f144ca83f30100ceb10cf58835e0"
  integrity sha512-phDA4oSGt7vl1n5tJvTWooWWAsXLY+2xCnxNqvKhGEzujg+A43wPlPOyDg3C8XQHN+6k/JTQWJ/j0dQh/qr+Hw==
  dependencies:
    builtin-modules "^3.3.0"

is-core-module@^2.9.0:
  version "2.9.0"
  resolved "https://registry.npmmirror.com/is-core-module/-/is-core-module-2.9.0.tgz#e1c34429cd51c6dd9e09e0799e396e27b19a9c69"
  integrity sha512-+5FPy5PnwmO3lvfMb0AsoPaBG+5KHUI0wYFXOtYPnVVVspTFUuMZNfNaNVRt3FZadstu2c8x23vykRW/NBoU6A==
  dependencies:
    has "^1.0.3"

is-extglob@^2.1.1:
  version "2.1.1"
  resolved "https://registry.npmmirror.com/is-extglob/-/is-extglob-2.1.1.tgz#a88c02535791f02ed37c76a1b9ea9773c833f8c2"
  integrity sha512-SbKbANkN603Vi4jEZv49LeVJMn4yGwsbzZworEoyEiutsN3nJYdbO36zfhGJ6QEDpOZIFkDtnq5JRxmvl3jsoQ==

is-glob@^4.0.1, is-glob@~4.0.1:
  version "4.0.3"
  resolved "https://registry.npmmirror.com/is-glob/-/is-glob-4.0.3.tgz#64f61e42cbbb2eec2071a9dac0b28ba1e65d5084"
  integrity sha512-xelSayHH36ZgE7ZWhli7pW34hNbNl8Ojv5KVmkJD4hBdD3th8Tfk9vYasLM+mXWOZhFkgZfxhLSnrwRr4elSSg==
  dependencies:
    is-extglob "^2.1.1"

is-module@^1.0.0:
  version "1.0.0"
  resolved "https://registry.npmmirror.com/is-module/-/is-module-1.0.0.tgz#3258fb69f78c14d5b815d664336b4cffb6441591"
  integrity sha512-51ypPSPCoTEIN9dy5Oy+h4pShgJmPCygKfyRCISBI+JoWT/2oJvK8QPxmwv7b/p239jXrm9M1mlQbyKJ5A152g==

is-number@^7.0.0:
  version "7.0.0"
  resolved "https://registry.npmmirror.com/is-number/-/is-number-7.0.0.tgz#7535345b896734d5f80c4d06c50955527a14f12b"
  integrity sha512-41Cifkg6e8TylSpdtTpeLVMqvSBEVzTttHvERD741+pnZ8ANv0004MRL43QKPDlK9cGvNp6NZWZUBlbGXYxxng==

locate-path@^5.0.0:
  version "5.0.0"
  resolved "https://registry.npmmirror.com/locate-path/-/locate-path-5.0.0.tgz#1afba396afd676a6d42504d0a67a3a7eb9f62aa0"
  integrity sha512-t7hw9pI+WvuwNJXwk5zVHpyhIqzg2qTlklJOf0mVxGSbe3Fp2VieZcduNYjaLDoy6p9uGpQEGWG87WpMKlNq8g==
  dependencies:
    p-locate "^4.1.0"

magic-string@^0.25.7:
  version "0.25.9"
  resolved "https://registry.npmmirror.com/magic-string/-/magic-string-0.25.9.tgz#de7f9faf91ef8a1c91d02c2e5314c8277dbcdd1c"
  integrity sha512-RmF0AsMzgt25qzqqLc1+MbHmhdx0ojF2Fvs4XnOqz2ZOBXzzkEwc/dJQZCYHAn7v1jbVOjAZfK8msRn4BxO4VQ==
  dependencies:
    sourcemap-codec "^1.4.8"

make-dir@^3.0.2:
  version "3.1.0"
  resolved "https://registry.npmmirror.com/make-dir/-/make-dir-3.1.0.tgz#415e967046b3a7f1d185277d84aa58203726a13f"
  integrity sha512-g3FeP20LNwhALb/6Cz6Dd4F2ngze0jz7tbzrD2wAV+o9FeNHe4rL+yK2md0J/fiSf1sa1ADhXqi5+oVwOM/eGw==
  dependencies:
    semver "^6.0.0"

merge2@^1.3.0:
  version "1.4.1"
  resolved "https://registry.npmmirror.com/merge2/-/merge2-1.4.1.tgz#4368892f885e907455a6fd7dc55c0c9d404990ae"
  integrity sha512-8q7VEgMJW4J8tcfVPy8g09NcQwZdbwFEqhe/WZkoIzjn/3TGDwtOCYtXGxA3O8tPzpczCCDgv+P2P5y00ZJOOg==

micromatch@^4.0.4:
  version "4.0.5"
  resolved "https://registry.npmmirror.com/micromatch/-/micromatch-4.0.5.tgz#bc8999a7cbbf77cdc89f132f6e467051b49090c6"
  integrity sha512-DMy+ERcEW2q8Z2Po+WNXuw3c5YaUSFjAO5GsJqfEl7UjvtIuFKO6ZrKvcItdy98dwFI2N1tg3zNIdKaQT+aNdA==
  dependencies:
    braces "^3.0.2"
    picomatch "^2.3.1"

mime-db@1.52.0:
  version "1.52.0"
  resolved "https://registry.npmmirror.com/mime-db/-/mime-db-1.52.0.tgz#bbabcdc02859f4987301c856e3387ce5ec43bf70"
  integrity sha512-sPU4uV7dYlvtWJxwwxHD0PuihVNiE7TyAbQ5SWxDCB9mUYvOgroQOwYQQOKPJ8CIbE+1ETVlOoK1UC2nU3gYvg==

mime-types@^2.1.12:
  version "2.1.35"
  resolved "https://registry.npmmirror.com/mime-types/-/mime-types-2.1.35.tgz#381a871b62a734450660ae3deee44813f70d959a"
  integrity sha512-ZDY+bPm5zTTF+YpCrAU9nK0UgICYPT0QtT1NZWFv4s++TNkcgVaT0g6+4R2uI4MjQjzysHB1zxuWL50hzaeXiw==
  dependencies:
    mime-db "1.52.0"

mockjs@^1.1.0:
  version "1.1.0"
  resolved "https://registry.npmmirror.com/mockjs/-/mockjs-1.1.0.tgz#e6a0c378e91906dbaff20911cc0273b3c7d75b06"
  integrity sha512-eQsKcWzIaZzEZ07NuEyO4Nw65g0hdWAyurVol1IPl1gahRwY+svqzfgfey8U8dahLwG44d6/RwEzuK52rSa/JQ==
  dependencies:
    commander "*"

ms@2.0.0:
  version "2.0.0"
  resolved "https://registry.npmmirror.com/ms/-/ms-2.0.0.tgz#5608aeadfc00be6c2901df5f9861788de0d597c8"
  integrity sha512-Tpp60P6IUJDTuOq/5Z8cdskzJujfwqfOTkrwIwj7IRISpnkJnT6SyJ4PCPnGMoFjC9ddhal5KVIYtAt97ix05A==

ms@2.1.2:
  version "2.1.2"
  resolved "https://registry.npmmirror.com/ms/-/ms-2.1.2.tgz#d09d1f357b443f493382a8eb3ccd183872ae6009"
  integrity sha512-sGkPx+VjMtmA6MX27oA4FBFELFCZZ4S4XqeGOXCv68tT+jb3vk/RyaKWP0PTKyWtmLSM0b+adUTEvbs1PEaH2w==

nanoid@^3.3.4:
  version "3.3.4"
  resolved "https://registry.npmmirror.com/nanoid/-/nanoid-3.3.4.tgz#730b67e3cd09e2deacf03c027c81c9d9dbc5e8ab"
  integrity sha512-MqBkQh/OHTS2egovRtLk45wEyNXwF+cokD+1YPf9u5VfJiRdAiRwB2froX5Co9Rh20xs4siNPm8naNotSD6RBw==

normalize-path@^3.0.0, normalize-path@~3.0.0:
  version "3.0.0"
  resolved "https://registry.npmmirror.com/normalize-path/-/normalize-path-3.0.0.tgz#0dcd69ff23a1c9b11fd0978316644a0388216a65"
  integrity sha512-6eZs5Ls3WtCisHWp9S2GUy8dqkpGi4BVSz3GaqiE6ezub0512ESztXUwUB6C6IKbQkY2Pnb/mD4WYojCRwcwLA==

on-finished@~2.3.0:
  version "2.3.0"
  resolved "https://registry.npmmirror.com/on-finished/-/on-finished-2.3.0.tgz#20f1336481b083cd75337992a16971aa2d906947"
  integrity sha512-ikqdkGAAyf/X/gPhXGvfgAytDZtDbr+bkNUJ0N9h5MI/dmdgCs3l6hoHrcUv41sRKew3jIwrp4qQDXiK99Utww==
  dependencies:
    ee-first "1.1.1"

p-limit@^2.2.0:
  version "2.3.0"
  resolved "https://registry.npmmirror.com/p-limit/-/p-limit-2.3.0.tgz#3dd33c647a214fdfffd835933eb086da0dc21db1"
  integrity sha512-//88mFWSJx8lxCzwdAABTJL2MyWB12+eIY7MDL2SqLmAkeKU9qxRvWuSyTjm3FUmpBEMuFfckAIqEaVGUDxb6w==
  dependencies:
    p-try "^2.0.0"

p-locate@^4.1.0:
  version "4.1.0"
  resolved "https://registry.npmmirror.com/p-locate/-/p-locate-4.1.0.tgz#a3428bb7088b3a60292f66919278b7c297ad4f07"
  integrity sha512-R79ZZ/0wAxKGu3oYMlz8jy/kbhsNrS7SKZ7PxEHBgJ5+F2mtFW2fK2cOtBh1cHYkQsbzFV7I+EoRKe6Yt0oK7A==
  dependencies:
    p-limit "^2.2.0"

p-try@^2.0.0:
  version "2.2.0"
  resolved "https://registry.npmmirror.com/p-try/-/p-try-2.2.0.tgz#cb2868540e313d61de58fafbe35ce9004d5540e6"
  integrity sha512-R4nPAVTAU0B9D35/Gk3uJf/7XYbQcyohSKdvAxIRSNghFl4e71hVoGnBNQz9cWaXxO2I10KTC+3jMdvvoKw6dQ==

parseurl@~1.3.3:
  version "1.3.3"
  resolved "https://registry.npmmirror.com/parseurl/-/parseurl-1.3.3.tgz#9da19e7bee8d12dff0513ed5b76957793bc2e8d4"
  integrity sha512-CiyeOxFT/JZyN5m0z9PfXw4SCBJ6Sygz1Dpl0wqjlhDEGGBP1GnsUVEL0p63hoG1fcj3fHynXi9NYO4nWOL+qQ==

path-exists@^4.0.0:
  version "4.0.0"
  resolved "https://registry.npmmirror.com/path-exists/-/path-exists-4.0.0.tgz#513bdbe2d3b95d7762e8c1137efa195c6c61b5b3"
  integrity sha512-ak9Qy5Q7jYb2Wwcey5Fpvg2KoAc/ZIhLSLOSBmRmygPsGwkVVt0fZa0qrtMz+m6tJTAHfZQ8FnmB4MG4LWy7/w==

path-parse@^1.0.7:
  version "1.0.7"
  resolved "https://registry.npmmirror.com/path-parse/-/path-parse-1.0.7.tgz#fbc114b60ca42b30d9daf5858e4bd68bbedb6735"
  integrity sha512-LDJzPVEEEPR+y48z93A0Ed0yXb8pAByGWo/k5YYdYgpY2/2EsOsksJrq7lOHxryrVOn1ejG6oAp8ahvOIQD8sw==

path-to-regexp@^6.2.0:
  version "6.2.1"
  resolved "https://registry.npmmirror.com/path-to-regexp/-/path-to-regexp-6.2.1.tgz#d54934d6798eb9e5ef14e7af7962c945906918e5"
  integrity sha512-JLyh7xT1kizaEvcaXOQwOc2/Yhw6KZOvPf1S8401UyLk86CU79LN3vl7ztXGm/pZ+YjoyAJ4rxmHwbkBXJX+yw==

picocolors@^1.0.0:
  version "1.0.0"
  resolved "https://registry.npmmirror.com/picocolors/-/picocolors-1.0.0.tgz#cb5bdc74ff3f51892236eaf79d68bc44564ab81c"
  integrity sha512-1fygroTLlHu66zi26VoTDv8yRgm0Fccecssto+MhsZ0D/DGW2sm8E8AjW7NU5VVTRt5GxbeZ5qBuJr+HyLYkjQ==

picomatch@^2.0.4, picomatch@^2.2.1, picomatch@^2.2.2, picomatch@^2.3.1:
  version "2.3.1"
  resolved "https://registry.npmmirror.com/picomatch/-/picomatch-2.3.1.tgz#3ba3833733646d9d3e4995946c1365a67fb07a42"
  integrity sha512-JU3teHTNjmE2VCGFzuY8EXzCDVwEqB2a8fsIvwaStHhAWJEeVd1o1QD80CU6+ZdEXXSLbSsuLwJjkCBWqRQUVA==

pkg-dir@^4.1.0:
  version "4.2.0"
  resolved "https://registry.npmmirror.com/pkg-dir/-/pkg-dir-4.2.0.tgz#f099133df7ede422e81d1d8448270eeb3e4261f3"
  integrity sha512-HRDzbaKjC+AOWVXxAU/x54COGeIv9eb+6CkDSQoNTt4XyWoIJvuPsXizxu/Fr23EiekbtZwmh1IcIG/l/a10GQ==
  dependencies:
    find-up "^4.0.0"

postcss@^8.1.10, postcss@^8.4.13:
  version "8.4.14"
  resolved "https://registry.npmmirror.com/postcss/-/postcss-8.4.14.tgz#ee9274d5622b4858c1007a74d76e42e56fd21caf"
  integrity sha512-E398TUmfAYFPBSdzgeieK2Y1+1cpdxJx8yXbK/m57nRhKSmk1GB2tO4lbLBtlkfPQTDKfe4Xqv1ASWPpayPEig==
  dependencies:
    nanoid "^3.3.4"
    picocolors "^1.0.0"
    source-map-js "^1.0.2"

queue-microtask@^1.2.2:
  version "1.2.3"
  resolved "https://registry.npmmirror.com/queue-microtask/-/queue-microtask-1.2.3.tgz#4929228bbc724dfac43e0efb058caf7b6cfb6243"
  integrity sha512-NuaNSa6flKT5JaSYQzJok04JzTL1CA6aGhv5rfLW3PgqA+M2ChpZQnAC8h8i4ZFkBS8X5RqkDBHA7r4hej3K9A==

readdirp@~3.6.0:
  version "3.6.0"
  resolved "https://registry.npmmirror.com/readdirp/-/readdirp-3.6.0.tgz#74a370bd857116e245b29cc97340cd431a02a6c7"
  integrity sha512-hOS089on8RduqdbhvQ5Z37A0ESjsqz6qnRcffsMU3495FuTdqSm+7bhJ29JvIOsBDEEnan5DPu9t3To9VRlMzA==
  dependencies:
    picomatch "^2.2.1"

resolve@^1.19.0, resolve@^1.22.0:
  version "1.22.1"
  resolved "https://registry.npmmirror.com/resolve/-/resolve-1.22.1.tgz#27cb2ebb53f91abb49470a928bba7558066ac177"
  integrity sha512-nBpuuYuY5jFsli/JIs1oldw6fOQCBioohqWZg/2hiaOybXOft4lonv85uDOKXdf8rhyK159cxU5cDcK/NKk8zw==
  dependencies:
    is-core-module "^2.9.0"
    path-parse "^1.0.7"
    supports-preserve-symlinks-flag "^1.0.0"

reusify@^1.0.4:
  version "1.0.4"
  resolved "https://registry.npmmirror.com/reusify/-/reusify-1.0.4.tgz#90da382b1e126efc02146e90845a88db12925d76"
  integrity sha512-U9nH88a3fc/ekCF1l0/UP1IosiuIjyTh7hBvXVMHYgVcfGvt897Xguj2UOLDeI5BG2m7/uwyaLVT6fbtCwTyzw==

roboto-fontface@*:
  version "0.10.0"
  resolved "https://registry.npmmirror.com/roboto-fontface/-/roboto-fontface-0.10.0.tgz#7eee40cfa18b1f7e4e605eaf1a2740afb6fd71b0"
  integrity sha512-OlwfYEgA2RdboZohpldlvJ1xngOins5d7ejqnIBWr9KaMxsnBqotpptRXTyfNRLnFpqzX6sTDt+X+a+6udnU8g==

rollup@^2.59.0:
  version "2.75.7"
  resolved "https://registry.npmmirror.com/rollup/-/rollup-2.75.7.tgz#221ff11887ae271e37dcc649ba32ce1590aaa0b9"
  integrity sha512-VSE1iy0eaAYNCxEXaleThdFXqZJ42qDBatAwrfnPlENEZ8erQ+0LYX4JXOLPceWfZpV1VtZwZ3dFCuOZiSyFtQ==
  optionalDependencies:
    fsevents "~2.3.2"

run-parallel@^1.1.9:
  version "1.2.0"
  resolved "https://registry.npmmirror.com/run-parallel/-/run-parallel-1.2.0.tgz#66d1368da7bdf921eb9d95bd1a9229e7f21a43ee"
  integrity sha512-5l4VyZR86LZ/lDxZTR6jqL8AFE2S0IFLMP26AbjsLVADxHdhB/c0GUsH+y39UfCi3dzz8OlQuPmnaJOMoDHQBA==
  dependencies:
    queue-microtask "^1.2.2"

semver@^6.0.0:
  version "6.3.0"
  resolved "https://registry.npmmirror.com/semver/-/semver-6.3.0.tgz#ee0a64c8af5e8ceea67687b133761e1becbd1d3d"
  integrity sha512-b39TBaTSfV6yBrapU89p5fKekE2m/NwnDocOVruQFS1/veMgdzuPcnOM34M6CwxW8jH/lxEa5rBoDeUwu5HHTw==

source-map-js@^1.0.2:
  version "1.0.2"
  resolved "https://registry.npmmirror.com/source-map-js/-/source-map-js-1.0.2.tgz#adbc361d9c62df380125e7f161f71c826f1e490c"
  integrity sha512-R0XvVJ9WusLiqTCEiGCmICCMplcCkIwwR11mOSD9CR5u+IXYdiseeEuXCVAjS54zqwkLcPNnmU4OeJ6tUrWhDw==

source-map@^0.6.1:
  version "0.6.1"
  resolved "https://registry.npmmirror.com/source-map/-/source-map-0.6.1.tgz#74722af32e9614e9c287a8d0bbde48b5e2f1a263"
  integrity sha512-UjgapumWlbMhkBgzT7Ykc5YXUT46F0iKu8SGXq0bcwP5dz/h0Plj6enJqjz1Zbq2l5WaqYnrVbwWOWMyF3F47g==

sourcemap-codec@^1.4.8:
  version "1.4.8"
  resolved "https://registry.npmmirror.com/sourcemap-codec/-/sourcemap-codec-1.4.8.tgz#ea804bd94857402e6992d05a38ef1ae35a9ab4c4"
  integrity sha512-9NykojV5Uih4lgo5So5dtw+f0JgJX30KCNI8gwhz2J9A15wD0Ml6tjHKwf6fTSa6fAdVBdZeNOs9eJ71qCk8vA==

statuses@~1.5.0:
  version "1.5.0"
  resolved "https://registry.npmmirror.com/statuses/-/statuses-1.5.0.tgz#161c7dac177659fd9811f43771fa99381478628c"
  integrity sha512-OpZ3zP+jT1PI7I8nemJX4AKmAX070ZkYPVWV/AaKTJl+tXCTGyVdC1a4SL8RUQYEwk/f34ZX8UTykN68FwrqAA==

supports-color@^7.1.0:
  version "7.2.0"
  resolved "https://registry.npmmirror.com/supports-color/-/supports-color-7.2.0.tgz#1b7dcdcb32b8138801b3e478ba6a51caa89648da"
  integrity sha512-qpCAvRl9stuOHveKsn7HncJRvv501qIacKzQlO/+Lwxc9+0q2wLyv4Dfvt80/DPn2pqOBsJdDiogXGR9+OvwRw==
  dependencies:
    has-flag "^4.0.0"

supports-preserve-symlinks-flag@^1.0.0:
  version "1.0.0"
  resolved "https://registry.npmmirror.com/supports-preserve-symlinks-flag/-/supports-preserve-symlinks-flag-1.0.0.tgz#6eda4bd344a3c94aea376d4cc31bc77311039e09"
  integrity sha512-ot0WnXS9fgdkgIcePe6RHNk1WA8+muPa6cSjeR3V8K27q9BB1rTE3R1p7Hv0z1ZyAc8s6Vvv8DIyWf681MAt0w==

to-regex-range@^5.0.1:
  version "5.0.1"
  resolved "https://registry.npmmirror.com/to-regex-range/-/to-regex-range-5.0.1.tgz#1648c44aae7c8d988a326018ed72f5b4dd0392e4"
  integrity sha512-65P7iz6X5yEr1cwcgvQxbbIw7Uk3gOy5dIdtZ4rDveLqhrdJP+Li/Hx6tyK0NEb+2GCyneCMJiGqrADCSNk8sQ==
  dependencies:
    is-number "^7.0.0"

typescript@^4.5.4:
  version "4.7.4"
  resolved "https://registry.npmmirror.com/typescript/-/typescript-4.7.4.tgz#1a88596d1cf47d59507a1bcdfb5b9dfe4d488235"
  integrity sha512-C0WQT0gezHuw6AdY1M2jxUO83Rjf0HP7Sk1DtXj6j1EwkQNZrHAg2XPWlq62oqEhYvONq5pkC2Y9oPljWToLmQ==

unpipe@~1.0.0:
  version "1.0.0"
  resolved "https://registry.npmmirror.com/unpipe/-/unpipe-1.0.0.tgz#b2bf4ee8514aae6165b4817829d21b2ef49904ec"
  integrity sha512-pjy2bYhSsufwWlKwPc+l3cN7+wuJlK6uz0YdJEOlQDbl6jo/YlPi4mb8agUkVC8BF7V8NuzeyPNqRksA3hztKQ==

upath@^2.0.1:
  version "2.0.1"
  resolved "https://registry.npmmirror.com/upath/-/upath-2.0.1.tgz#50c73dea68d6f6b990f51d279ce6081665d61a8b"
  integrity sha512-1uEe95xksV1O0CYKXo8vQvN1JEbtJp7lb7C5U9HMsIp6IVwntkH/oNUzyVNQSd4S1sYk2FpSSW44FqMc8qee5w==

utils-merge@1.0.1:
  version "1.0.1"
  resolved "https://registry.npmmirror.com/utils-merge/-/utils-merge-1.0.1.tgz#9f95710f50a267947b2ccc124741c1028427e713"
  integrity sha512-pMZTvIkT1d+TFGvDOqodOclx0QWkkgi6Tdoa8gC8ffGAAqz9pzPTZWAybbsHHoED/ztMtkv/VoYTYyShUn81hA==

vite-plugin-mock@^2.9.6:
  version "2.9.6"
  resolved "https://registry.npmmirror.com/vite-plugin-mock/-/vite-plugin-mock-2.9.6.tgz#04dd23de6baa052faa5b9ad317514c90d6205e25"
  integrity sha512-/Rm59oPppe/ncbkSrUuAxIQihlI2YcBmnbR4ST1RA2VzM1C0tEQc1KlbQvnUGhXECAGTaQN2JyasiwXP6EtKgg==
  dependencies:
    "@rollup/plugin-node-resolve" "^13.0.4"
    "@types/mockjs" "^1.0.4"
    chalk "^4.1.2"
    chokidar "^3.5.2"
    connect "^3.7.0"
    debug "^4.3.2"
    esbuild "0.11.3"
    fast-glob "^3.2.7"
    path-to-regexp "^6.2.0"

vite-plugin-vuetify@^1.0.0-alpha.0:
  version "1.0.0-alpha.12"
  resolved "https://registry.npmmirror.com/vite-plugin-vuetify/-/vite-plugin-vuetify-1.0.0-alpha.12.tgz#ee8b6816e6fb66c9c9010d574ecd79b18795d064"
  integrity sha512-DMb7oY6F67P1RTEU28xQePUnyZdm+sbeGgIF3exBrA5yLL8NKKPIahqJN4+MAWMXCJVwNKy7nsS6zVgOLtcoQg==
  dependencies:
    "@vuetify/loader-shared" "^1.5.0"
    debug "^4.3.3"

vite@^2.9.9:
  version "2.9.13"
  resolved "https://registry.npmmirror.com/vite/-/vite-2.9.13.tgz#859cb5d4c316c0d8c6ec9866045c0f7858ca6abc"
  integrity sha512-AsOBAaT0AD7Mhe8DuK+/kE4aWYFMx/i0ZNi98hJclxb4e0OhQcZYUrvLjIaQ8e59Ui7txcvKMiJC1yftqpQoDw==
  dependencies:
    esbuild "^0.14.27"
    postcss "^8.4.13"
    resolve "^1.22.0"
    rollup "^2.59.0"
  optionalDependencies:
    fsevents "~2.3.2"

vue-router@^4.1.1:
  version "4.1.1"
  resolved "https://registry.npmmirror.com/vue-router/-/vue-router-4.1.1.tgz#90cc533efafdcf90d157bdc20a376760cdb59c10"
  integrity sha512-Wp1mEf2xCwT0ez7o9JvgpfBp9JGnVb+dPERzXDbugTatzJAJ60VWOhJKifQty85k+jOreoFHER4r5fu062PhPw==
  dependencies:
    "@vue/devtools-api" "^6.1.4"

vue-tsc@^0.34.7:
  version "0.34.17"
  resolved "https://registry.npmmirror.com/vue-tsc/-/vue-tsc-0.34.17.tgz#332fc5c31d64bb9b74b0f26050f3ab067a9a7d6f"
  integrity sha512-jzUXky44ZLHC4daaJag7FQr3idlPYN719/K1eObGljz5KaS2UnVGTU/XSYCd7d6ampYYg4OsyalbHyJIxV0aEQ==
  dependencies:
    "@volar/vue-typescript" "0.34.17"

vue@^3.2.25:
  version "3.2.37"
  resolved "https://registry.npmmirror.com/vue/-/vue-3.2.37.tgz#da220ccb618d78579d25b06c7c21498ca4e5452e"
  integrity sha512-bOKEZxrm8Eh+fveCqS1/NkG/n6aMidsI6hahas7pa0w/l7jkbssJVsRhVDs07IdDq7h9KHswZOgItnwJAgtVtQ==
  dependencies:
    "@vue/compiler-dom" "3.2.37"
    "@vue/compiler-sfc" "3.2.37"
    "@vue/runtime-dom" "3.2.37"
    "@vue/server-renderer" "3.2.37"
    "@vue/shared" "3.2.37"

vuetify@^3.0.0-beta.6:
  version "3.0.0-beta.6"
  resolved "https://registry.npmmirror.com/vuetify/-/vuetify-3.0.0-beta.6.tgz#c429837b2facd8cdb2eb7229dd979496e99f57c9"
  integrity sha512-eL8l4YdpB8ePWex1NkB35nqgWIJCsElTk4XzZEXeN7ECh5Qd1JqPwxEE+JVVC5e1+Ut2EQw+08ouLkeEk2uMow==

webfontloader@^1.0.0:
  version "1.6.28"
  resolved "https://registry.npmmirror.com/webfontloader/-/webfontloader-1.6.28.tgz#db786129253cb6e8eae54c2fb05f870af6675bae"
  integrity sha512-Egb0oFEga6f+nSgasH3E0M405Pzn6y3/9tOVanv/DLfa1YBIgcv90L18YyWnvXkRbIM17v5Kv6IT2N6g1x5tvQ==
